
Microsoft Visual Studio Solution File, Format Version 12.00
# Visual Studio Version 16
VisualStudioVersion = 16.0.30128.74
MinimumVisualStudioVersion = 10.0.40219.1
Project("{FAE04EC0-301F-11D3-BF4B-00C04F79EFBC}") = "BvnValidationAPInew", "BvnValidationAPInew.csproj", "{A710B70C-3325-4FAF-B82A-007F39932886}"
EndProject
Global
	GlobalSection(SolutionConfigurationPlatforms) = preSolution
		Debug|Any CPU = Debug|Any CPU
		Release|Any CPU = Release|Any CPU
	EndGlobalSection
	GlobalSection(ProjectConfigurationPlatforms) = postSolution
		{A710B70C-3325-4FAF-B82A-007F39932886}.Debug|Any CPU.ActiveCfg = Debug|Any CPU
		{A710B70C-3325-4FAF-B82A-007F39932886}.Debug|Any CPU.Build.0 = Debug|Any CPU
		{A710B70C-3325-4FAF-B82A-007F39932886}.Release|Any CPU.ActiveCfg = Release|Any CPU
		{A710B70C-3325-4FAF-B82A-007F39932886}.Release|Any CPU.Build.0 = Release|Any CPU
	EndGlobalSection
	GlobalSection(SolutionProperties) = preSolution
		HideSolutionNode = FALSE
	EndGlobalSection
	GlobalSection(ExtensibilityGlobals) = postSolution
		SolutionGuid = {E22D49E8-97C3-43C0-A649-A516CB4E23E4}
	EndGlobalSection
EndGlobal
